
Microsoft Visual Studio Solution File, Format Version 12.00
# Visual Studio Version 17
VisualStudioVersion = 17.3.32922.545
MinimumVisualStudioVersion = 10.0.40219.1
Project("{9A19103F-16F7-4668-BE54-9A1E7A4F7556}") = "NetworkChat", "NetworkChat.csproj", "{1C55F5F2-38E7-4481-8973-121D49AAC299}"
EndProject
Project("{FAE04EC0-301F-11D3-BF4B-00C04F79EFBC}") = "NetworkChatTests", "..\NetworkChatTests\NetworkChatTests.csproj", "{6693CA35-8C0A-464C-ADB4-CCF781D55170}"
EndProject
Global
	GlobalSection(SolutionConfigurationPlatforms) = preSolution
		Debug|Any CPU = Debug|Any CPU
		Release|Any CPU = Release|Any CPU
	EndGlobalSection
	GlobalSection(ProjectConfigurationPlatforms) = postSolution
		{1C55F5F2-38E7-4481-8973-121D49AAC299}.Debug|Any CPU.ActiveCfg = Debug|Any CPU
		{1C55F5F2-38E7-4481-8973-121D49AAC299}.Debug|Any CPU.Build.0 = Debug|Any CPU
		{1C55F5F2-38E7-4481-8973-121D49AAC299}.Release|Any CPU.ActiveCfg = Release|Any CPU
		{1C55F5F2-38E7-4481-8973-121D49AAC299}.Release|Any CPU.Build.0 = Release|Any CPU
		{6693CA35-8C0A-464C-ADB4-CCF781D55170}.Debug|Any CPU.ActiveCfg = Debug|Any CPU
		{6693CA35-8C0A-464C-ADB4-CCF781D55170}.Debug|Any CPU.Build.0 = Debug|Any CPU
		{6693CA35-8C0A-464C-ADB4-CCF781D55170}.Release|Any CPU.ActiveCfg = Release|Any CPU
		{6693CA35-8C0A-464C-ADB4-CCF781D55170}.Release|Any CPU.Build.0 = Release|Any CPU
	EndGlobalSection
	GlobalSection(SolutionProperties) = preSolution
		HideSolutionNode = FALSE
	EndGlobalSection
	GlobalSection(ExtensibilityGlobals) = postSolution
		SolutionGuid = {5D7E4AAF-6DA0-4D4C-B28D-54E44A67859A}
	EndGlobalSection
EndGlobal
